
Microsoft Visual Studio Solution File, Format Version 12.00
# Visual Studio 15
VisualStudioVersion = 15.0.27703.2042
MinimumVisualStudioVersion = 10.0.40219.1
Project("{E24C65DC-7377-472B-9ABA-BC803B73C61A}") = "NoVncPike", "NoVncPike\", "{88799D82-3848-41F0-9606-00BD61F90D2A}"
	ProjectSection(WebsiteProperties) = preProject
		TargetFrameworkMoniker = ".NETFramework,Version%3Dv4.0"
		Debug.AspNetCompiler.VirtualPath = "/localhost_50863"
		Debug.AspNetCompiler.PhysicalPath = "NoVncPike\"
		Debug.AspNetCompiler.TargetPath = "PrecompiledWeb\localhost_50863\"
		Debug.AspNetCompiler.Updateable = "true"
		Debug.AspNetCompiler.ForceOverwrite = "true"
		Debug.AspNetCompiler.FixedNames = "false"
		Debug.AspNetCompiler.Debug = "True"
		Release.AspNetCompiler.VirtualPath = "/localhost_50863"
		Release.AspNetCompiler.PhysicalPath = "NoVncPike\"
		Release.AspNetCompiler.TargetPath = "PrecompiledWeb\localhost_50863\"
		Release.AspNetCompiler.Updateable = "true"
		Release.AspNetCompiler.ForceOverwrite = "true"
		Release.AspNetCompiler.FixedNames = "false"
		Release.AspNetCompiler.Debug = "False"
		VWDPort = "50863"
		SlnRelativePath = "NoVncPike\"
	EndProjectSection
EndProject
Global
	GlobalSection(SolutionConfigurationPlatforms) = preSolution
		Debug|Any CPU = Debug|Any CPU
		Release|Any CPU = Release|Any CPU
	EndGlobalSection
	GlobalSection(ProjectConfigurationPlatforms) = postSolution
		{88799D82-3848-41F0-9606-00BD61F90D2A}.Debug|Any CPU.ActiveCfg = Debug|Any CPU
		{88799D82-3848-41F0-9606-00BD61F90D2A}.Debug|Any CPU.Build.0 = Debug|Any CPU
		{88799D82-3848-41F0-9606-00BD61F90D2A}.Release|Any CPU.ActiveCfg = Debug|Any CPU
		{88799D82-3848-41F0-9606-00BD61F90D2A}.Release|Any CPU.Build.0 = Debug|Any CPU
	EndGlobalSection
	GlobalSection(SolutionProperties) = preSolution
		HideSolutionNode = FALSE
	EndGlobalSection
	GlobalSection(ExtensibilityGlobals) = postSolution
		SolutionGuid = {A2383324-0A2E-4B49-A8E4-479EB36F94C5}
	EndGlobalSection
EndGlobal
