
Microsoft Visual Studio Solution File, Format Version 12.00
# Visual Studio 15
VisualStudioVersion = 15.0.27703.2042
MinimumVisualStudioVersion = 10.0.40219.1
Project("{9092AA53-FB77-4645-B42D-1CCCA6BD08BD}") = "VncPikeRepeater", "VncPikeRepeater\VncPikeRepeater.njsproj", "{C3C1E8DE-DA38-4AC1-8C18-E5EF30D74641}"
EndProject
Global
	GlobalSection(SolutionConfigurationPlatforms) = preSolution
		Debug|Any CPU = Debug|Any CPU
		Release|Any CPU = Release|Any CPU
	EndGlobalSection
	GlobalSection(ProjectConfigurationPlatforms) = postSolution
		{C3C1E8DE-DA38-4AC1-8C18-E5EF30D74641}.Debug|Any CPU.ActiveCfg = Debug|Any CPU
		{C3C1E8DE-DA38-4AC1-8C18-E5EF30D74641}.Debug|Any CPU.Build.0 = Debug|Any CPU
		{C3C1E8DE-DA38-4AC1-8C18-E5EF30D74641}.Release|Any CPU.ActiveCfg = Release|Any CPU
		{C3C1E8DE-DA38-4AC1-8C18-E5EF30D74641}.Release|Any CPU.Build.0 = Release|Any CPU
	EndGlobalSection
	GlobalSection(SolutionProperties) = preSolution
		HideSolutionNode = FALSE
	EndGlobalSection
	GlobalSection(ExtensibilityGlobals) = postSolution
		SolutionGuid = {A2383324-0A2E-4B49-A8E4-479EB36F94C5}
	EndGlobalSection
EndGlobal
